<?xml version="1.0" encoding="utf-8"?>
<Project ToolsVersion="4.0" xmlns="http://schemas.microsoft.com/developer/msbuild/2003">
  <ItemGroup>
    <ApplicationDefinition Include="App.xaml" />
  </ItemGroup>
  <ItemGroup>
    <Page Include="MainWindow.xaml" />
    <Page Include="Settings.xaml" />
    <Page Include="MainPage.xaml" />
    <Page Include="BlankWindow.xaml" />
  </ItemGroup>
  <ItemGroup>
    <Midl Include="MainWindow.idl" />
    <Midl Include="Item.idl" />
    <Midl Include="ItemSelector.idl" />
  </ItemGroup>
  <ItemGroup>
    <ClCompile Include="pch.cpp" />
    <ClCompile Include="$(GeneratedFilesDir)module.g.cpp" />
    <ClCompile Include="Item.cpp" />
    <ClCompile Include="linker.cpp" />
    <ClCompile Include="func.cpp" />
    <ClCompile Include="ItemSelector.cpp" />
    <ClCompile Include="Panel.cpp">
      <Filter>Specific\UIElement\FrameworkElement\Panel</Filter>
    </ClCompile>
    <ClCompile Include="StackPanel.cpp">
      <Filter>Specific\UIElement\FrameworkElement\Panel</Filter>
    </ClCompile>
    <ClCompile Include="UIElement.cpp">
      <Filter>Specific\UIElement</Filter>
    </ClCompile>
    <ClCompile Include="FrameworkElement.cpp">
      <Filter>Specific\UIElement\FrameworkElement</Filter>
    </ClCompile>
    <ClCompile Include="Control.cpp">
      <Filter>Specific\UIElement\FrameworkElement\Control</Filter>
    </ClCompile>
    <ClCompile Include="Button.cpp">
      <Filter>Specific\UIElement\FrameworkElement\Control</Filter>
    </ClCompile>
    <ClCompile Include="TextBox.cpp">
      <Filter>Specific\UIElement\FrameworkElement\Control</Filter>
    </ClCompile>
    <ClCompile Include="TextBlock.cpp">
      <Filter>Specific\UIElement\FrameworkElement</Filter>
    </ClCompile>
  </ItemGroup>
  <ItemGroup>
    <ClInclude Include="pch.h" />
    <ClInclude Include="Item.h" />
    <ClInclude Include="property.hpp" />
    <ClInclude Include="ItemSelector.h" />
    <ClInclude Include="templateproperties.h">
      <Filter>Specific</Filter>
    </ClInclude>
  </ItemGroup>
  <ItemGroup>
    <Image Include="Assets\Wide310x150Logo.scale-200.png">
      <Filter>Assets</Filter>
    </Image>
    <Image Include="Assets\StoreLogo.png">
      <Filter>Assets</Filter>
    </Image>
    <Image Include="Assets\Square150x150Logo.scale-200.png">
      <Filter>Assets</Filter>
    </Image>
    <Image Include="Assets\Square44x44Logo.targetsize-24_altform-unplated.png">
      <Filter>Assets</Filter>
    </Image>
    <Image Include="Assets\Square44x44Logo.scale-200.png">
      <Filter>Assets</Filter>
    </Image>
    <Image Include="Assets\SplashScreen.scale-200.png">
      <Filter>Assets</Filter>
    </Image>
    <Image Include="Assets\LockScreenLogo.scale-200.png">
      <Filter>Assets</Filter>
    </Image>
  </ItemGroup>
  <ItemGroup>
    <Filter Include="Assets">
      <UniqueIdentifier>{940b1990-57e9-4fbb-a9a9-f7503ed66c3d}</UniqueIdentifier>
    </Filter>
    <Filter Include="Specific">
      <UniqueIdentifier>{764b2f40-8dae-4d40-a394-1ba890c1c9ab}</UniqueIdentifier>
    </Filter>
    <Filter Include="Specific\UIElement">
      <UniqueIdentifier>{2cf6ac0c-d91d-43e8-aa5e-40e5f26dda07}</UniqueIdentifier>
    </Filter>
    <Filter Include="Specific\UIElement\FrameworkElement">
      <UniqueIdentifier>{180d0a0c-9471-4136-acae-561c9d82a451}</UniqueIdentifier>
    </Filter>
    <Filter Include="Specific\UIElement\FrameworkElement\Panel">
      <UniqueIdentifier>{c6abbf3e-45df-4c34-84fd-0c4af81ed029}</UniqueIdentifier>
    </Filter>
    <Filter Include="Specific\UIElement\FrameworkElement\Control">
      <UniqueIdentifier>{f885674c-cf14-459f-948a-fb50846d452f}</UniqueIdentifier>
    </Filter>
  </ItemGroup>
  <ItemGroup>
    <Text Include="readme.txt" />
  </ItemGroup>
  <ItemGroup>
    <Manifest Include="app.manifest" />
  </ItemGroup>
  <ItemGroup>
    <AppxManifest Include="Package.appxmanifest" />
  </ItemGroup>
  <ItemGroup>
    <None Include="inst.bat" />
    <None Include="packages.config" />
  </ItemGroup>
  <ItemGroup>
    <ResourceCompile Include="main.rc" />
  </ItemGroup>
  <ItemGroup>
    <Natvis Include="$(MSBuildThisFileDirectory)..\..\natvis\wil.natvis" />
    <Natvis Include="$(MSBuildThisFileDirectory)..\..\natvis\wil.natstepfilter" />
  </ItemGroup>
</Project>